
Microsoft Visual Studio Solution File, Format Version 12.00
# Visual Studio Version 17
VisualStudioVersion = 17.8.34525.116
MinimumVisualStudioVersion = 10.0.40219.1
Project("{FAE04EC0-301F-11D3-BF4B-00C04F79EFBC}") = "RentABook", "RentABook\RentABook.csproj", "{CDBA3FED-AE55-4740-A725-C6028DC37396}"
EndProject
Global
	GlobalSection(SolutionConfigurationPlatforms) = preSolution
		Debug|Any CPU = Debug|Any CPU
		Release|Any CPU = Release|Any CPU
	EndGlobalSection
	GlobalSection(ProjectConfigurationPlatforms) = postSolution
		{CDBA3FED-AE55-4740-A725-C6028DC37396}.Debug|Any CPU.ActiveCfg = Debug|Any CPU
		{CDBA3FED-AE55-4740-A725-C6028DC37396}.Debug|Any CPU.Build.0 = Debug|Any CPU
		{CDBA3FED-AE55-4740-A725-C6028DC37396}.Release|Any CPU.ActiveCfg = Release|Any CPU
		{CDBA3FED-AE55-4740-A725-C6028DC37396}.Release|Any CPU.Build.0 = Release|Any CPU
	EndGlobalSection
	GlobalSection(SolutionProperties) = preSolution
		HideSolutionNode = FALSE
	EndGlobalSection
	GlobalSection(ExtensibilityGlobals) = postSolution
		SolutionGuid = {E849D5E0-7AE9-4A3C-A341-A86A9348FA4E}
	EndGlobalSection
EndGlobal
